
Microsoft Visual Studio Solution File, Format Version 12.00
# Visual Studio Version 16
VisualStudioVersion = 16.0.31220.234
MinimumVisualStudioVersion = 10.0.40219.1
Project("{9A19103F-16F7-4668-BE54-9A1E7A4F7556}") = "AlmostPre5", "AlmostPre5\AlmostPre5.csproj", "{894050B8-D256-4371-AF17-1FB7AA1BD7A8}"
EndProject
Project("{9A19103F-16F7-4668-BE54-9A1E7A4F7556}") = "AlmostPre5.WinUI", "AlmostPre5.WinUI\AlmostPre5.WinUI.csproj", "{D5CCAE8F-4C32-4C9B-8A76-0088629AA64E}"
EndProject
Global
	GlobalSection(SolutionConfigurationPlatforms) = preSolution
		Debug|Any CPU = Debug|Any CPU
		Release|Any CPU = Release|Any CPU
	EndGlobalSection
	GlobalSection(ProjectConfigurationPlatforms) = postSolution
		{894050B8-D256-4371-AF17-1FB7AA1BD7A8}.Debug|Any CPU.ActiveCfg = Debug|Any CPU
		{894050B8-D256-4371-AF17-1FB7AA1BD7A8}.Debug|Any CPU.Build.0 = Debug|Any CPU
		{894050B8-D256-4371-AF17-1FB7AA1BD7A8}.Debug|Any CPU.Deploy.0 = Debug|Any CPU
		{894050B8-D256-4371-AF17-1FB7AA1BD7A8}.Release|Any CPU.ActiveCfg = Release|Any CPU
		{894050B8-D256-4371-AF17-1FB7AA1BD7A8}.Release|Any CPU.Build.0 = Release|Any CPU
		{894050B8-D256-4371-AF17-1FB7AA1BD7A8}.Release|Any CPU.Deploy.0 = Release|Any CPU
		{D5CCAE8F-4C32-4C9B-8A76-0088629AA64E}.Debug|Any CPU.ActiveCfg = Debug|Any CPU
		{D5CCAE8F-4C32-4C9B-8A76-0088629AA64E}.Debug|Any CPU.Build.0 = Debug|Any CPU
		{D5CCAE8F-4C32-4C9B-8A76-0088629AA64E}.Debug|Any CPU.Deploy.0 = Debug|Any CPU
		{D5CCAE8F-4C32-4C9B-8A76-0088629AA64E}.Release|Any CPU.ActiveCfg = Release|Any CPU
		{D5CCAE8F-4C32-4C9B-8A76-0088629AA64E}.Release|Any CPU.Build.0 = Release|Any CPU
		{D5CCAE8F-4C32-4C9B-8A76-0088629AA64E}.Release|Any CPU.Deploy.0 = Release|Any CPU
	EndGlobalSection
	GlobalSection(SolutionProperties) = preSolution
		HideSolutionNode = FALSE
	EndGlobalSection
	GlobalSection(ExtensibilityGlobals) = postSolution
		SolutionGuid = {61F7FB11-1E47-470C-91E2-47F8143E1572}
	EndGlobalSection
EndGlobal
